// !$*UTF8*$!
{
	archiveVersion = 1;
	classes = {
	};
	objectVersion = 46;
	objects = {

/* Begin PBXBuildFile section */
		240034271D428A8100CB55A0 /* Home.swift in Sources */ = {isa = PBXBuildFile; fileRef = 240034261D428A8100CB55A0 /* Home.swift */; };
		240034291D4292EB00CB55A0 /* Medicos.swift in Sources */ = {isa = PBXBuildFile; fileRef = 240034281D4292EB00CB55A0 /* Medicos.swift */; };
		2421BA8D1D4AE8AB009261FE /* MedCell.swift in Sources */ = {isa = PBXBuildFile; fileRef = 2421BA8C1D4AE8AB009261FE /* MedCell.swift */; };
		243A575D1D3FEAFF00D4431F /* GothamRounded-Bold.otf in Resources */ = {isa = PBXBuildFile; fileRef = 243A57551D3FEA9E00D4431F /* GothamRounded-Bold.otf */; };
		243A575E1D3FEAFF00D4431F /* GothamRounded-BoldItalic.otf in Resources */ = {isa = PBXBuildFile; fileRef = 243A57561D3FEA9E00D4431F /* GothamRounded-BoldItalic.otf */; };
		243A575F1D3FEAFF00D4431F /* GothamRounded-Book.otf in Resources */ = {isa = PBXBuildFile; fileRef = 243A57571D3FEA9E00D4431F /* GothamRounded-Book.otf */; };
		243A57601D3FEAFF00D4431F /* GothamRounded-BookItalic.otf in Resources */ = {isa = PBXBuildFile; fileRef = 243A57581D3FEA9E00D4431F /* GothamRounded-BookItalic.otf */; };
		243A57611D3FEAFF00D4431F /* GothamRounded-Light.otf in Resources */ = {isa = PBXBuildFile; fileRef = 243A57591D3FEA9E00D4431F /* GothamRounded-Light.otf */; };
		243A57621D3FEAFF00D4431F /* GothamRounded-LightItalic.otf in Resources */ = {isa = PBXBuildFile; fileRef = 243A575A1D3FEA9E00D4431F /* GothamRounded-LightItalic.otf */; };
		243A57631D3FEAFF00D4431F /* GothamRounded-Medium.otf in Resources */ = {isa = PBXBuildFile; fileRef = 243A575B1D3FEA9E00D4431F /* GothamRounded-Medium.otf */; };
		243A57641D3FEAFF00D4431F /* GothamRounded-MediumItalic.otf in Resources */ = {isa = PBXBuildFile; fileRef = 243A575C1D3FEA9E00D4431F /* GothamRounded-MediumItalic.otf */; };
		249A094A1D490D0A006A8B80 /* Objetos.swift in Sources */ = {isa = PBXBuildFile; fileRef = 249A09491D490D0A006A8B80 /* Objetos.swift */; };
		24EC8EA91D4B113300019979 /* homeCell.swift in Sources */ = {isa = PBXBuildFile; fileRef = 24EC8EA81D4B113300019979 /* homeCell.swift */; };
		24EC8EAB1D4B3CFD00019979 /* Info.swift in Sources */ = {isa = PBXBuildFile; fileRef = 24EC8EAA1D4B3CFD00019979 /* Info.swift */; };
		24EC8EAF1D4B48A900019979 /* myPdf1.pdf in Resources */ = {isa = PBXBuildFile; fileRef = 24EC8EAE1D4B48A900019979 /* myPdf1.pdf */; };
		24EC8EB11D4B4F4C00019979 /* E-mail.swift in Sources */ = {isa = PBXBuildFile; fileRef = 24EC8EB01D4B4F4C00019979 /* E-mail.swift */; };
		24EC8EB31D4B503900019979 /* EmailCell.swift in Sources */ = {isa = PBXBuildFile; fileRef = 24EC8EB21D4B503900019979 /* EmailCell.swift */; };
		24EC8EB71D4BAA2100019979 /* myPdf4.pdf in Resources */ = {isa = PBXBuildFile; fileRef = 24EC8EB41D4BAA2100019979 /* myPdf4.pdf */; };
		24EC8EB81D4BAA2100019979 /* myPdf3.pdf in Resources */ = {isa = PBXBuildFile; fileRef = 24EC8EB51D4BAA2100019979 /* myPdf3.pdf */; };
		24EC8EB91D4BAA2100019979 /* myPdf2.pdf in Resources */ = {isa = PBXBuildFile; fileRef = 24EC8EB61D4BAA2100019979 /* myPdf2.pdf */; };
		24EC8EBB1D4BAE4E00019979 /* File.swift in Sources */ = {isa = PBXBuildFile; fileRef = 24EC8EBA1D4BAE4D00019979 /* File.swift */; };
		24F75E5D1D3D5D7700F49536 /* AppDelegate.swift in Sources */ = {isa = PBXBuildFile; fileRef = 24F75E5C1D3D5D7700F49536 /* AppDelegate.swift */; };
		24F75E5F1D3D5D7700F49536 /* ViewController.swift in Sources */ = {isa = PBXBuildFile; fileRef = 24F75E5E1D3D5D7700F49536 /* ViewController.swift */; };
		24F75E621D3D5D7700F49536 /* Main.storyboard in Resources */ = {isa = PBXBuildFile; fileRef = 24F75E601D3D5D7700F49536 /* Main.storyboard */; };
		24F75E641D3D5D7700F49536 /* Assets.xcassets in Resources */ = {isa = PBXBuildFile; fileRef = 24F75E631D3D5D7700F49536 /* Assets.xcassets */; };
		24F75E671D3D5D7700F49536 /* LaunchScreen.storyboard in Resources */ = {isa = PBXBuildFile; fileRef = 24F75E651D3D5D7700F49536 /* LaunchScreen.storyboard */; };
		24F75E6F1D3D5D9400F49536 /* Arthur_Storyboard.storyboard in Resources */ = {isa = PBXBuildFile; fileRef = 24F75E6E1D3D5D9400F49536 /* Arthur_Storyboard.storyboard */; };
		24F75E711D3D5DA000F49536 /* Bia_Storyboard.storyboard in Resources */ = {isa = PBXBuildFile; fileRef = 24F75E701D3D5DA000F49536 /* Bia_Storyboard.storyboard */; };
		543DF29A1D43EA0A0095DC90 /* DetalheVacina.swift in Sources */ = {isa = PBXBuildFile; fileRef = 543DF2991D43EA0A0095DC90 /* DetalheVacina.swift */; };
		543DF29C1D440FB50095DC90 /* Perfil.swift in Sources */ = {isa = PBXBuildFile; fileRef = 543DF29B1D440FB50095DC90 /* Perfil.swift */; };
		543DF29E1D441C700095DC90 /* Cell1.swift in Sources */ = {isa = PBXBuildFile; fileRef = 543DF29D1D441C700095DC90 /* Cell1.swift */; };
		543DF2A01D441C7B0095DC90 /* Cell2.swift in Sources */ = {isa = PBXBuildFile; fileRef = 543DF29F1D441C7B0095DC90 /* Cell2.swift */; };
		543DF2A21D441C810095DC90 /* Cell3.swift in Sources */ = {isa = PBXBuildFile; fileRef = 543DF2A11D441C810095DC90 /* Cell3.swift */; };
		543DF2A41D441C890095DC90 /* Cell4.swift in Sources */ = {isa = PBXBuildFile; fileRef = 543DF2A31D441C890095DC90 /* Cell4.swift */; };
		543DF2A61D441C900095DC90 /* Cell5.swift in Sources */ = {isa = PBXBuildFile; fileRef = 543DF2A51D441C900095DC90 /* Cell5.swift */; };
		543DF2A81D441C970095DC90 /* Cell6.swift in Sources */ = {isa = PBXBuildFile; fileRef = 543DF2A71D441C970095DC90 /* Cell6.swift */; };
		54844BE81D4A772C007627FF /* Exames.swift in Sources */ = {isa = PBXBuildFile; fileRef = 54844BE71D4A772C007627FF /* Exames.swift */; };
		54844BEA1D4A7841007627FF /* ExameCell.swift in Sources */ = {isa = PBXBuildFile; fileRef = 54844BE91D4A7841007627FF /* ExameCell.swift */; };
		54844BEC1D4A8432007627FF /* AdicionarExame.swift in Sources */ = {isa = PBXBuildFile; fileRef = 54844BEB1D4A8432007627FF /* AdicionarExame.swift */; };
		54B4F7941D3FC50B00D294E9 /* Vacinas.swift in Sources */ = {isa = PBXBuildFile; fileRef = 54B4F7931D3FC50B00D294E9 /* Vacinas.swift */; };
		54B4F7961D3FC93D00D294E9 /* .gitignore in Resources */ = {isa = PBXBuildFile; fileRef = 54B4F7951D3FC93D00D294E9 /* .gitignore */; };
		54B4F7981D3FD8C600D294E9 /* VacinaCell.swift in Sources */ = {isa = PBXBuildFile; fileRef = 54B4F7971D3FD8C600D294E9 /* VacinaCell.swift */; };
		54EE5C821D42924C008A6AD6 /* AdicionarVacina.swift in Sources */ = {isa = PBXBuildFile; fileRef = 54EE5C811D42924C008A6AD6 /* AdicionarVacina.swift */; };
		CE1D75AC1D3ED0C90011D5E1 /* Login.swift in Sources */ = {isa = PBXBuildFile; fileRef = CE1D75AB1D3ED0C90011D5E1 /* Login.swift */; };
		CE6586B61D3F17F500100D4C /* Cadastro.swift in Sources */ = {isa = PBXBuildFile; fileRef = CE6586B51D3F17F500100D4C /* Cadastro.swift */; };
		CEBE56181D42F07F002689C7 /* AdicionarMedico.swift in Sources */ = {isa = PBXBuildFile; fileRef = CEBE56171D42F07F002689C7 /* AdicionarMedico.swift */; };
		CEBE561A1D42F0A7002689C7 /* VerMedico.swift in Sources */ = {isa = PBXBuildFile; fileRef = CEBE56191D42F0A7002689C7 /* VerMedico.swift */; };
		CEBE561C1D42F85B002689C7 /* EditarMedico.swift in Sources */ = {isa = PBXBuildFile; fileRef = CEBE561B1D42F85B002689C7 /* EditarMedico.swift */; };
/* End PBXBuildFile section */

/* Begin PBXFileReference section */
		240034261D428A8100CB55A0 /* Home.swift */ = {isa = PBXFileReference; fileEncoding = 4; lastKnownFileType = sourcecode.swift; path = Home.swift; sourceTree = "<group>"; };
		240034281D4292EB00CB55A0 /* Medicos.swift */ = {isa = PBXFileReference; fileEncoding = 4; lastKnownFileType = sourcecode.swift; path = Medicos.swift; sourceTree = "<group>"; };
		2421BA8C1D4AE8AB009261FE /* MedCell.swift */ = {isa = PBXFileReference; fileEncoding = 4; lastKnownFileType = sourcecode.swift; path = MedCell.swift; sourceTree = "<group>"; };
		243A57551D3FEA9E00D4431F /* GothamRounded-Bold.otf */ = {isa = PBXFileReference; lastKnownFileType = file; path = "GothamRounded-Bold.otf"; sourceTree = "<group>"; };
		243A57561D3FEA9E00D4431F /* GothamRounded-BoldItalic.otf */ = {isa = PBXFileReference; lastKnownFileType = file; path = "GothamRounded-BoldItalic.otf"; sourceTree = "<group>"; };
		243A57571D3FEA9E00D4431F /* GothamRounded-Book.otf */ = {isa = PBXFileReference; lastKnownFileType = file; path = "GothamRounded-Book.otf"; sourceTree = "<group>"; };
		243A57581D3FEA9E00D4431F /* GothamRounded-BookItalic.otf */ = {isa = PBXFileReference; lastKnownFileType = file; path = "GothamRounded-BookItalic.otf"; sourceTree = "<group>"; };
		243A57591D3FEA9E00D4431F /* GothamRounded-Light.otf */ = {isa = PBXFileReference; lastKnownFileType = file; path = "GothamRounded-Light.otf"; sourceTree = "<group>"; };
		243A575A1D3FEA9E00D4431F /* GothamRounded-LightItalic.otf */ = {isa = PBXFileReference; lastKnownFileType = file; path = "GothamRounded-LightItalic.otf"; sourceTree = "<group>"; };
		243A575B1D3FEA9E00D4431F /* GothamRounded-Medium.otf */ = {isa = PBXFileReference; lastKnownFileType = file; path = "GothamRounded-Medium.otf"; sourceTree = "<group>"; };
		243A575C1D3FEA9E00D4431F /* GothamRounded-MediumItalic.otf */ = {isa = PBXFileReference; lastKnownFileType = file; path = "GothamRounded-MediumItalic.otf"; sourceTree = "<group>"; };
		249A09491D490D0A006A8B80 /* Objetos.swift */ = {isa = PBXFileReference; fileEncoding = 4; lastKnownFileType = sourcecode.swift; path = Objetos.swift; sourceTree = "<group>"; };
		24EC8EA81D4B113300019979 /* homeCell.swift */ = {isa = PBXFileReference; fileEncoding = 4; lastKnownFileType = sourcecode.swift; path = homeCell.swift; sourceTree = "<group>"; };
		24EC8EAA1D4B3CFD00019979 /* Info.swift */ = {isa = PBXFileReference; fileEncoding = 4; lastKnownFileType = sourcecode.swift; path = Info.swift; sourceTree = "<group>"; };
		24EC8EAE1D4B48A900019979 /* myPdf1.pdf */ = {isa = PBXFileReference; lastKnownFileType = image.pdf; path = myPdf1.pdf; sourceTree = "<group>"; };
		24EC8EB01D4B4F4C00019979 /* E-mail.swift */ = {isa = PBXFileReference; fileEncoding = 4; lastKnownFileType = sourcecode.swift; path = "E-mail.swift"; sourceTree = "<group>"; };
		24EC8EB21D4B503900019979 /* EmailCell.swift */ = {isa = PBXFileReference; fileEncoding = 4; lastKnownFileType = sourcecode.swift; path = EmailCell.swift; sourceTree = "<group>"; };
		24EC8EB41D4BAA2100019979 /* myPdf4.pdf */ = {isa = PBXFileReference; lastKnownFileType = image.pdf; path = myPdf4.pdf; sourceTree = "<group>"; };
		24EC8EB51D4BAA2100019979 /* myPdf3.pdf */ = {isa = PBXFileReference; lastKnownFileType = image.pdf; path = myPdf3.pdf; sourceTree = "<group>"; };
		24EC8EB61D4BAA2100019979 /* myPdf2.pdf */ = {isa = PBXFileReference; lastKnownFileType = image.pdf; path = myPdf2.pdf; sourceTree = "<group>"; };
		24EC8EBA1D4BAE4D00019979 /* File.swift */ = {isa = PBXFileReference; fileEncoding = 4; lastKnownFileType = sourcecode.swift; path = File.swift; sourceTree = "<group>"; };
		24F75E591D3D5D7700F49536 /* HealthApp.app */ = {isa = PBXFileReference; explicitFileType = wrapper.application; includeInIndex = 0; path = HealthApp.app; sourceTree = BUILT_PRODUCTS_DIR; };
		24F75E5C1D3D5D7700F49536 /* AppDelegate.swift */ = {isa = PBXFileReference; lastKnownFileType = sourcecode.swift; path = AppDelegate.swift; sourceTree = "<group>"; };
		24F75E5E1D3D5D7700F49536 /* ViewController.swift */ = {isa = PBXFileReference; lastKnownFileType = sourcecode.swift; path = ViewController.swift; sourceTree = "<group>"; };
		24F75E611D3D5D7700F49536 /* Base */ = {isa = PBXFileReference; lastKnownFileType = file.storyboard; name = Base; path = Base.lproj/Main.storyboard; sourceTree = "<group>"; };
		24F75E631D3D5D7700F49536 /* Assets.xcassets */ = {isa = PBXFileReference; lastKnownFileType = folder.assetcatalog; name = Assets.xcassets; path = HealthApp/Assets.xcassets; sourceTree = "<group>"; };
		24F75E661D3D5D7700F49536 /* Base */ = {isa = PBXFileReference; lastKnownFileType = file.storyboard; name = Base; path = Base.lproj/LaunchScreen.storyboard; sourceTree = "<group>"; };
		24F75E681D3D5D7700F49536 /* Info.plist */ = {isa = PBXFileReference; lastKnownFileType = text.plist.xml; path = Info.plist; sourceTree = "<group>"; };
		24F75E6E1D3D5D9400F49536 /* Arthur_Storyboard.storyboard */ = {isa = PBXFileReference; fileEncoding = 4; lastKnownFileType = file.storyboard; path = Arthur_Storyboard.storyboard; sourceTree = "<group>"; };
		24F75E701D3D5DA000F49536 /* Bia_Storyboard.storyboard */ = {isa = PBXFileReference; fileEncoding = 4; lastKnownFileType = file.storyboard; path = Bia_Storyboard.storyboard; sourceTree = "<group>"; };
		543DF2991D43EA0A0095DC90 /* DetalheVacina.swift */ = {isa = PBXFileReference; fileEncoding = 4; lastKnownFileType = sourcecode.swift; path = DetalheVacina.swift; sourceTree = "<group>"; };
		543DF29B1D440FB50095DC90 /* Perfil.swift */ = {isa = PBXFileReference; fileEncoding = 4; lastKnownFileType = sourcecode.swift; path = Perfil.swift; sourceTree = "<group>"; };
		543DF29D1D441C700095DC90 /* Cell1.swift */ = {isa = PBXFileReference; fileEncoding = 4; lastKnownFileType = sourcecode.swift; path = Cell1.swift; sourceTree = "<group>"; };
		543DF29F1D441C7B0095DC90 /* Cell2.swift */ = {isa = PBXFileReference; fileEncoding = 4; lastKnownFileType = sourcecode.swift; path = Cell2.swift; sourceTree = "<group>"; };
		543DF2A11D441C810095DC90 /* Cell3.swift */ = {isa = PBXFileReference; fileEncoding = 4; lastKnownFileType = sourcecode.swift; path = Cell3.swift; sourceTree = "<group>"; };
		543DF2A31D441C890095DC90 /* Cell4.swift */ = {isa = PBXFileReference; fileEncoding = 4; lastKnownFileType = sourcecode.swift; path = Cell4.swift; sourceTree = "<group>"; };
		543DF2A51D441C900095DC90 /* Cell5.swift */ = {isa = PBXFileReference; fileEncoding = 4; lastKnownFileType = sourcecode.swift; path = Cell5.swift; sourceTree = "<group>"; };
		543DF2A71D441C970095DC90 /* Cell6.swift */ = {isa = PBXFileReference; fileEncoding = 4; lastKnownFileType = sourcecode.swift; path = Cell6.swift; sourceTree = "<group>"; };
		54844BE71D4A772C007627FF /* Exames.swift */ = {isa = PBXFileReference; fileEncoding = 4; lastKnownFileType = sourcecode.swift; path = Exames.swift; sourceTree = "<group>"; };
		54844BE91D4A7841007627FF /* ExameCell.swift */ = {isa = PBXFileReference; fileEncoding = 4; lastKnownFileType = sourcecode.swift; path = ExameCell.swift; sourceTree = "<group>"; };
		54844BEB1D4A8432007627FF /* AdicionarExame.swift */ = {isa = PBXFileReference; fileEncoding = 4; lastKnownFileType = sourcecode.swift; path = AdicionarExame.swift; sourceTree = "<group>"; };
		54B4F7931D3FC50B00D294E9 /* Vacinas.swift */ = {isa = PBXFileReference; fileEncoding = 4; lastKnownFileType = sourcecode.swift; path = Vacinas.swift; sourceTree = "<group>"; };
		54B4F7951D3FC93D00D294E9 /* .gitignore */ = {isa = PBXFileReference; fileEncoding = 4; lastKnownFileType = text; path = .gitignore; sourceTree = "<group>"; };
		54B4F7971D3FD8C600D294E9 /* VacinaCell.swift */ = {isa = PBXFileReference; fileEncoding = 4; lastKnownFileType = sourcecode.swift; path = VacinaCell.swift; sourceTree = "<group>"; };
		54EE5C811D42924C008A6AD6 /* AdicionarVacina.swift */ = {isa = PBXFileReference; fileEncoding = 4; lastKnownFileType = sourcecode.swift; path = AdicionarVacina.swift; sourceTree = "<group>"; };
		CE1D75AB1D3ED0C90011D5E1 /* Login.swift */ = {isa = PBXFileReference; fileEncoding = 4; lastKnownFileType = sourcecode.swift; path = Login.swift; sourceTree = "<group>"; };
		CE6586B51D3F17F500100D4C /* Cadastro.swift */ = {isa = PBXFileReference; fileEncoding = 4; lastKnownFileType = sourcecode.swift; path = Cadastro.swift; sourceTree = "<group>"; };
		CEBE56171D42F07F002689C7 /* AdicionarMedico.swift */ = {isa = PBXFileReference; fileEncoding = 4; lastKnownFileType = sourcecode.swift; path = AdicionarMedico.swift; sourceTree = "<group>"; };
		CEBE56191D42F0A7002689C7 /* VerMedico.swift */ = {isa = PBXFileReference; fileEncoding = 4; lastKnownFileType = sourcecode.swift; path = VerMedico.swift; sourceTree = "<group>"; };
		CEBE561B1D42F85B002689C7 /* EditarMedico.swift */ = {isa = PBXFileReference; fileEncoding = 4; lastKnownFileType = sourcecode.swift; path = EditarMedico.swift; sourceTree = "<group>"; };
/* End PBXFileReference section */

/* Begin PBXFrameworksBuildPhase section */
		24F75E561D3D5D7700F49536 /* Frameworks */ = {
			isa = PBXFrameworksBuildPhase;
			buildActionMask = 2147483647;
			files = (
			);
			runOnlyForDeploymentPostprocessing = 0;
		};
/* End PBXFrameworksBuildPhase section */

/* Begin PBXGroup section */
		2421BA8E1D4AEB4E009261FE /* Retired */ = {
			isa = PBXGroup;
			children = (
				CEBE561B1D42F85B002689C7 /* EditarMedico.swift */,
			);
			name = Retired;
			sourceTree = "<group>";
		};
		24F75E501D3D5D7700F49536 = {
			isa = PBXGroup;
			children = (
				54B4F7951D3FC93D00D294E9 /* .gitignore */,
				24F75E5B1D3D5D7700F49536 /* HealthApp */,
				24F75E631D3D5D7700F49536 /* Assets.xcassets */,
				24F75E5A1D3D5D7700F49536 /* Products */,
			);
			sourceTree = "<group>";
		};
		24F75E5A1D3D5D7700F49536 /* Products */ = {
			isa = PBXGroup;
			children = (
				24F75E591D3D5D7700F49536 /* HealthApp.app */,
			);
			name = Products;
			sourceTree = "<group>";
		};
		24F75E5B1D3D5D7700F49536 /* HealthApp */ = {
			isa = PBXGroup;
			children = (
				CEA44E381D3ECA1F000A9619 /* Resources */,
				24F75E761D3D5DE900F49536 /* Controllers */,
				24F75E771D3D5DF600F49536 /* Internals */,
				24F75E721D3D5DB300F49536 /* Storyboards */,
			);
			path = HealthApp;
			sourceTree = "<group>";
		};
		24F75E721D3D5DB300F49536 /* Storyboards */ = {
			isa = PBXGroup;
			children = (
				24F75E731D3D5DC400F49536 /* Arthur */,
				24F75E741D3D5DCC00F49536 /* Bia */,
				24F75E751D3D5DD800F49536 /* Main */,
			);
			name = Storyboards;
			sourceTree = "<group>";
		};
		24F75E731D3D5DC400F49536 /* Arthur */ = {
			isa = PBXGroup;
			children = (
				24F75E6E1D3D5D9400F49536 /* Arthur_Storyboard.storyboard */,
			);
			name = Arthur;
			sourceTree = "<group>";
		};
		24F75E741D3D5DCC00F49536 /* Bia */ = {
			isa = PBXGroup;
			children = (
				24F75E701D3D5DA000F49536 /* Bia_Storyboard.storyboard */,
			);
			name = Bia;
			sourceTree = "<group>";
		};
		24F75E751D3D5DD800F49536 /* Main */ = {
			isa = PBXGroup;
			children = (
				24F75E601D3D5D7700F49536 /* Main.storyboard */,
				24F75E651D3D5D7700F49536 /* LaunchScreen.storyboard */,
			);
			name = Main;
			sourceTree = "<group>";
		};
		24F75E761D3D5DE900F49536 /* Controllers */ = {
			isa = PBXGroup;
			children = (
				240034281D4292EB00CB55A0 /* Medicos.swift */,
				CEBE56171D42F07F002689C7 /* AdicionarMedico.swift */,
				543DF29B1D440FB50095DC90 /* Perfil.swift */,
				CEBE56191D42F0A7002689C7 /* VerMedico.swift */,
				240034261D428A8100CB55A0 /* Home.swift */,
				24F75E5E1D3D5D7700F49536 /* ViewController.swift */,
				24EC8EAE1D4B48A900019979 /* myPdf1.pdf */,
				24EC8EB41D4BAA2100019979 /* myPdf4.pdf */,
				24EC8EB51D4BAA2100019979 /* myPdf3.pdf */,
				24EC8EB61D4BAA2100019979 /* myPdf2.pdf */,
				CE1D75AB1D3ED0C90011D5E1 /* Login.swift */,
				249A09491D490D0A006A8B80 /* Objetos.swift */,
				CE6586B51D3F17F500100D4C /* Cadastro.swift */,
				54B4F7931D3FC50B00D294E9 /* Vacinas.swift */,
				24EC8EAA1D4B3CFD00019979 /* Info.swift */,
				543DF2991D43EA0A0095DC90 /* DetalheVacina.swift */,
				54EE5C811D42924C008A6AD6 /* AdicionarVacina.swift */,
				24EC8EBA1D4BAE4D00019979 /* File.swift */,
				54844BE71D4A772C007627FF /* Exames.swift */,
				24EC8EB01D4B4F4C00019979 /* E-mail.swift */,
				54844BEB1D4A8432007627FF /* AdicionarExame.swift */,
				2421BA8E1D4AEB4E009261FE /* Retired */,
				543DF2A91D441C9B0095DC90 /* Cells */,
			);
			name = Controllers;
			sourceTree = "<group>";
		};
		24F75E771D3D5DF600F49536 /* Internals */ = {
			isa = PBXGroup;
			children = (
				24F75E5C1D3D5D7700F49536 /* AppDelegate.swift */,
				24F75E681D3D5D7700F49536 /* Info.plist */,
			);
			name = Internals;
			sourceTree = "<group>";
		};
		543DF2A91D441C9B0095DC90 /* Cells */ = {
			isa = PBXGroup;
			children = (
				2421BA8C1D4AE8AB009261FE /* MedCell.swift */,
				54844BE91D4A7841007627FF /* ExameCell.swift */,
				24EC8EA81D4B113300019979 /* homeCell.swift */,
				543DF29D1D441C700095DC90 /* Cell1.swift */,
				543DF29F1D441C7B0095DC90 /* Cell2.swift */,
				54B4F7971D3FD8C600D294E9 /* VacinaCell.swift */,
				24EC8EB21D4B503900019979 /* EmailCell.swift */,
				543DF2A11D441C810095DC90 /* Cell3.swift */,
				543DF2A31D441C890095DC90 /* Cell4.swift */,
				543DF2A51D441C900095DC90 /* Cell5.swift */,
				543DF2A71D441C970095DC90 /* Cell6.swift */,
			);
			name = Cells;
			sourceTree = "<group>";
		};
		CEA44E381D3ECA1F000A9619 /* Resources */ = {
			isa = PBXGroup;
			children = (
				243A57551D3FEA9E00D4431F /* GothamRounded-Bold.otf */,
				243A57561D3FEA9E00D4431F /* GothamRounded-BoldItalic.otf */,
				243A57571D3FEA9E00D4431F /* GothamRounded-Book.otf */,
				243A57581D3FEA9E00D4431F /* GothamRounded-BookItalic.otf */,
				243A57591D3FEA9E00D4431F /* GothamRounded-Light.otf */,
				243A575A1D3FEA9E00D4431F /* GothamRounded-LightItalic.otf */,
				243A575B1D3FEA9E00D4431F /* GothamRounded-Medium.otf */,
				243A575C1D3FEA9E00D4431F /* GothamRounded-MediumItalic.otf */,
			);
			name = Resources;
			sourceTree = "<group>";
		};
/* End PBXGroup section */

/* Begin PBXNativeTarget section */
		24F75E581D3D5D7700F49536 /* HealthApp */ = {
			isa = PBXNativeTarget;
			buildConfigurationList = 24F75E6B1D3D5D7700F49536 /* Build configuration list for PBXNativeTarget "HealthApp" */;
			buildPhases = (
				24F75E551D3D5D7700F49536 /* Sources */,
				24F75E561D3D5D7700F49536 /* Frameworks */,
				24F75E571D3D5D7700F49536 /* Resources */,
			);
			buildRules = (
			);
			dependencies = (
			);
			name = HealthApp;
			productName = HealthApp;
			productReference = 24F75E591D3D5D7700F49536 /* HealthApp.app */;
			productType = "com.apple.product-type.application";
		};
/* End PBXNativeTarget section */

/* Begin PBXProject section */
		24F75E511D3D5D7700F49536 /* Project object */ = {
			isa = PBXProject;
			attributes = {
				LastSwiftUpdateCheck = 0730;
				LastUpgradeCheck = 0730;
				ORGANIZATIONNAME = "Pedro Gomes Branco";
				TargetAttributes = {
					24F75E581D3D5D7700F49536 = {
						CreatedOnToolsVersion = 7.3.1;
						DevelopmentTeam = Y93WP7899G;
					};
				};
			};
			buildConfigurationList = 24F75E541D3D5D7700F49536 /* Build configuration list for PBXProject "HealthApp" */;
			compatibilityVersion = "Xcode 3.2";
			developmentRegion = English;
			hasScannedForEncodings = 0;
			knownRegions = (
				en,
				Base,
			);
			mainGroup = 24F75E501D3D5D7700F49536;
			productRefGroup = 24F75E5A1D3D5D7700F49536 /* Products */;
			projectDirPath = "";
			projectRoot = "";
			targets = (
				24F75E581D3D5D7700F49536 /* HealthApp */,
			);
		};
/* End PBXProject section */

/* Begin PBXResourcesBuildPhase section */
		24F75E571D3D5D7700F49536 /* Resources */ = {
			isa = PBXResourcesBuildPhase;
			buildActionMask = 2147483647;
			files = (
				243A575D1D3FEAFF00D4431F /* GothamRounded-Bold.otf in Resources */,
				243A575E1D3FEAFF00D4431F /* GothamRounded-BoldItalic.otf in Resources */,
				243A575F1D3FEAFF00D4431F /* GothamRounded-Book.otf in Resources */,
				243A57601D3FEAFF00D4431F /* GothamRounded-BookItalic.otf in Resources */,
				243A57611D3FEAFF00D4431F /* GothamRounded-Light.otf in Resources */,
				243A57621D3FEAFF00D4431F /* GothamRounded-LightItalic.otf in Resources */,
				24EC8EB91D4BAA2100019979 /* myPdf2.pdf in Resources */,
				24EC8EB71D4BAA2100019979 /* myPdf4.pdf in Resources */,
				243A57631D3FEAFF00D4431F /* GothamRounded-Medium.otf in Resources */,
				24EC8EB81D4BAA2100019979 /* myPdf3.pdf in Resources */,
				243A57641D3FEAFF00D4431F /* GothamRounded-MediumItalic.otf in Resources */,
				24F75E671D3D5D7700F49536 /* LaunchScreen.storyboard in Resources */,
				24F75E6F1D3D5D9400F49536 /* Arthur_Storyboard.storyboard in Resources */,
				24F75E641D3D5D7700F49536 /* Assets.xcassets in Resources */,
				24EC8EAF1D4B48A900019979 /* myPdf1.pdf in Resources */,
				24F75E621D3D5D7700F49536 /* Main.storyboard in Resources */,
				54B4F7961D3FC93D00D294E9 /* .gitignore in Resources */,
				24F75E711D3D5DA000F49536 /* Bia_Storyboard.storyboard in Resources */,
			);
			runOnlyForDeploymentPostprocessing = 0;
		};
/* End PBXResourcesBuildPhase section */

/* Begin PBXSourcesBuildPhase section */
		24F75E551D3D5D7700F49536 /* Sources */ = {
			isa = PBXSourcesBuildPhase;
			buildActionMask = 2147483647;
			files = (
				54844BEA1D4A7841007627FF /* ExameCell.swift in Sources */,
				2421BA8D1D4AE8AB009261FE /* MedCell.swift in Sources */,
				543DF2A81D441C970095DC90 /* Cell6.swift in Sources */,
				24EC8EAB1D4B3CFD00019979 /* Info.swift in Sources */,
				543DF2A41D441C890095DC90 /* Cell4.swift in Sources */,
				543DF2A21D441C810095DC90 /* Cell3.swift in Sources */,
				543DF29E1D441C700095DC90 /* Cell1.swift in Sources */,
				CEBE56181D42F07F002689C7 /* AdicionarMedico.swift in Sources */,
				543DF29C1D440FB50095DC90 /* Perfil.swift in Sources */,
				CE1D75AC1D3ED0C90011D5E1 /* Login.swift in Sources */,
				CEBE561A1D42F0A7002689C7 /* VerMedico.swift in Sources */,
				54844BEC1D4A8432007627FF /* AdicionarExame.swift in Sources */,
				543DF2A61D441C900095DC90 /* Cell5.swift in Sources */,
				240034291D4292EB00CB55A0 /* Medicos.swift in Sources */,
				CEBE561C1D42F85B002689C7 /* EditarMedico.swift in Sources */,
				54EE5C821D42924C008A6AD6 /* AdicionarVacina.swift in Sources */,
				24EC8EB11D4B4F4C00019979 /* E-mail.swift in Sources */,
				249A094A1D490D0A006A8B80 /* Objetos.swift in Sources */,
				543DF2A01D441C7B0095DC90 /* Cell2.swift in Sources */,
				54B4F7981D3FD8C600D294E9 /* VacinaCell.swift in Sources */,
				24F75E5F1D3D5D7700F49536 /* ViewController.swift in Sources */,
				54844BE81D4A772C007627FF /* Exames.swift in Sources */,
				24EC8EA91D4B113300019979 /* homeCell.swift in Sources */,
				24EC8EB31D4B503900019979 /* EmailCell.swift in Sources */,
				24F75E5D1D3D5D7700F49536 /* AppDelegate.swift in Sources */,
				24EC8EBB1D4BAE4E00019979 /* File.swift in Sources */,
				543DF29A1D43EA0A0095DC90 /* DetalheVacina.swift in Sources */,
				54B4F7941D3FC50B00D294E9 /* Vacinas.swift in Sources */,
				240034271D428A8100CB55A0 /* Home.swift in Sources */,
				CE6586B61D3F17F500100D4C /* Cadastro.swift in Sources */,
			);
			runOnlyForDeploymentPostprocessing = 0;
		};
/* End PBXSourcesBuildPhase section */

/* Begin PBXVariantGroup section */
		24F75E601D3D5D7700F49536 /* Main.storyboard */ = {
			isa = PBXVariantGroup;
			children = (
				24F75E611D3D5D7700F49536 /* Base */,
			);
			name = Main.storyboard;
			sourceTree = "<group>";
		};
		24F75E651D3D5D7700F49536 /* LaunchScreen.storyboard */ = {
			isa = PBXVariantGroup;
			children = (
				24F75E661D3D5D7700F49536 /* Base */,
			);
			name = LaunchScreen.storyboard;
			sourceTree = "<group>";
		};
/* End PBXVariantGroup section */

/* Begin XCBuildConfiguration section */
		24F75E691D3D5D7700F49536 /* Debug */ = {
			isa = XCBuildConfiguration;
			buildSettings = {
				ALWAYS_SEARCH_USER_PATHS = NO;
				CLANG_ANALYZER_NONNULL = YES;
				CLANG_CXX_LANGUAGE_STANDARD = "gnu++0x";
				CLANG_CXX_LIBRARY = "libc++";
				CLANG_ENABLE_MODULES = YES;
				CLANG_ENABLE_OBJC_ARC = YES;
				CLANG_WARN_BOOL_CONVERSION = YES;
				CLANG_WARN_CONSTANT_CONVERSION = YES;
				CLANG_WARN_DIRECT_OBJC_ISA_USAGE = YES_ERROR;
				CLANG_WARN_EMPTY_BODY = YES;
				CLANG_WARN_ENUM_CONVERSION = YES;
				CLANG_WARN_INT_CONVERSION = YES;
				CLANG_WARN_OBJC_ROOT_CLASS = YES_ERROR;
				CLANG_WARN_UNREACHABLE_CODE = YES;
				CLANG_WARN__DUPLICATE_METHOD_MATCH = YES;
				"CODE_SIGN_IDENTITY[sdk=iphoneos*]" = "iPhone Developer";
				COPY_PHASE_STRIP = NO;
				DEBUG_INFORMATION_FORMAT = dwarf;
				ENABLE_STRICT_OBJC_MSGSEND = YES;
				ENABLE_TESTABILITY = YES;
				GCC_C_LANGUAGE_STANDARD = gnu99;
				GCC_DYNAMIC_NO_PIC = NO;
				GCC_NO_COMMON_BLOCKS = YES;
				GCC_OPTIMIZATION_LEVEL = 0;
				GCC_PREPROCESSOR_DEFINITIONS = (
					"DEBUG=1",
					"$(inherited)",
				);
				GCC_WARN_64_TO_32_BIT_CONVERSION = YES;
				GCC_WARN_ABOUT_RETURN_TYPE = YES_ERROR;
				GCC_WARN_UNDECLARED_SELECTOR = YES;
				GCC_WARN_UNINITIALIZED_AUTOS = YES_AGGRESSIVE;
				GCC_WARN_UNUSED_FUNCTION = YES;
				GCC_WARN_UNUSED_VARIABLE = YES;
				IPHONEOS_DEPLOYMENT_TARGET = 9.3;
				MTL_ENABLE_DEBUG_INFO = YES;
				ONLY_ACTIVE_ARCH = YES;
				SDKROOT = iphoneos;
				SWIFT_OPTIMIZATION_LEVEL = "-Onone";
			};
			name = Debug;
		};
		24F75E6A1D3D5D7700F49536 /* Release */ = {
			isa = XCBuildConfiguration;
			buildSettings = {
				ALWAYS_SEARCH_USER_PATHS = NO;
				CLANG_ANALYZER_NONNULL = YES;
				CLANG_CXX_LANGUAGE_STANDARD = "gnu++0x";
				CLANG_CXX_LIBRARY = "libc++";
				CLANG_ENABLE_MODULES = YES;
				CLANG_ENABLE_OBJC_ARC = YES;
				CLANG_WARN_BOOL_CONVERSION = YES;
				CLANG_WARN_CONSTANT_CONVERSION = YES;
				CLANG_WARN_DIRECT_OBJC_ISA_USAGE = YES_ERROR;
				CLANG_WARN_EMPTY_BODY = YES;
				CLANG_WARN_ENUM_CONVERSION = YES;
				CLANG_WARN_INT_CONVERSION = YES;
				CLANG_WARN_OBJC_ROOT_CLASS = YES_ERROR;
				CLANG_WARN_UNREACHABLE_CODE = YES;
				CLANG_WARN__DUPLICATE_METHOD_MATCH = YES;
				"CODE_SIGN_IDENTITY[sdk=iphoneos*]" = "iPhone Developer";
				COPY_PHASE_STRIP = NO;
				DEBUG_INFORMATION_FORMAT = "dwarf-with-dsym";
				ENABLE_NS_ASSERTIONS = NO;
				ENABLE_STRICT_OBJC_MSGSEND = YES;
				GCC_C_LANGUAGE_STANDARD = gnu99;
				GCC_NO_COMMON_BLOCKS = YES;
				GCC_WARN_64_TO_32_BIT_CONVERSION = YES;
				GCC_WARN_ABOUT_RETURN_TYPE = YES_ERROR;
				GCC_WARN_UNDECLARED_SELECTOR = YES;
				GCC_WARN_UNINITIALIZED_AUTOS = YES_AGGRESSIVE;
				GCC_WARN_UNUSED_FUNCTION = YES;
				GCC_WARN_UNUSED_VARIABLE = YES;
				IPHONEOS_DEPLOYMENT_TARGET = 9.3;
				MTL_ENABLE_DEBUG_INFO = NO;
				SDKROOT = iphoneos;
				VALIDATE_PRODUCT = YES;
			};
			name = Release;
		};
		24F75E6C1D3D5D7700F49536 /* Debug */ = {
			isa = XCBuildConfiguration;
			buildSettings = {
				ASSETCATALOG_COMPILER_APPICON_NAME = AppIcon;
				CODE_SIGN_IDENTITY = "iPhone Developer";
				"CODE_SIGN_IDENTITY[sdk=iphoneos*]" = "iPhone Developer";
				INFOPLIST_FILE = HealthApp/Info.plist;
				LD_RUNPATH_SEARCH_PATHS = "$(inherited) @executable_path/Frameworks";
				PRODUCT_BUNDLE_IDENTIFIER = ArthurCarvalho.HealthApp;
				PRODUCT_NAME = "$(TARGET_NAME)";
				PROVISIONING_PROFILE = "";
			};
			name = Debug;
		};
		24F75E6D1D3D5D7700F49536 /* Release */ = {
			isa = XCBuildConfiguration;
			buildSettings = {
				ASSETCATALOG_COMPILER_APPICON_NAME = AppIcon;
				CODE_SIGN_IDENTITY = "iPhone Developer";
				"CODE_SIGN_IDENTITY[sdk=iphoneos*]" = "iPhone Developer";
				INFOPLIST_FILE = HealthApp/Info.plist;
				LD_RUNPATH_SEARCH_PATHS = "$(inherited) @executable_path/Frameworks";
				PRODUCT_BUNDLE_IDENTIFIER = ArthurCarvalho.HealthApp;
				PRODUCT_NAME = "$(TARGET_NAME)";
				PROVISIONING_PROFILE = "";
			};
			name = Release;
		};
/* End XCBuildConfiguration section */

/* Begin XCConfigurationList section */
		24F75E541D3D5D7700F49536 /* Build configuration list for PBXProject "HealthApp" */ = {
			isa = XCConfigurationList;
			buildConfigurations = (
				24F75E691D3D5D7700F49536 /* Debug */,
				24F75E6A1D3D5D7700F49536 /* Release */,
			);
			defaultConfigurationIsVisible = 0;
			defaultConfigurationName = Release;
		};
		24F75E6B1D3D5D7700F49536 /* Build configuration list for PBXNativeTarget "HealthApp" */ = {
			isa = XCConfigurationList;
			buildConfigurations = (
				24F75E6C1D3D5D7700F49536 /* Debug */,
				24F75E6D1D3D5D7700F49536 /* Release */,
			);
			defaultConfigurationIsVisible = 0;
			defaultConfigurationName = Release;
		};
/* End XCConfigurationList section */
	};
	rootObject = 24F75E511D3D5D7700F49536 /* Project object */;
}
